lockfileVersion: 5.4

specifiers:
  bumpp: ^8.2.1

devDependencies:
  bumpp: registry.npmmirror.com/bumpp/8.2.1

packages:

  registry.npmmirror.com/@jsdevtools/ez-spawn/3.0.4:
    resolution: {integrity: sha512-f5DRIOZf7wxogefH03RjMPMdBF7ADTWUMoOs9kaJo06EfwF+aFhMZMDZxHg/Xe12hptN9xoZjGso2fdjapBRIA==, registry: https://registry.npm.taobao.org/, tarball: https://registry.npmmirror.com/@jsdevtools/ez-spawn/-/ez-spawn-3.0.4.tgz}
    name: '@jsdevtools/ez-spawn'
    version: 3.0.4
    engines: {node: '>=10'}
    dependencies:
      call-me-maybe: registry.npmmirror.com/call-me-maybe/1.0.1
      cross-spawn: registry.npmmirror.com/cross-spawn/7.0.3
      string-argv: registry.npmmirror.com/string-argv/0.3.1
      type-detect: registry.npmmirror.com/type-detect/4.0.8
    dev: true

  registry.npmmirror.com/@nodelib/fs.scandir/2.1.5:
    resolution: {integrity: sha512-vq24Bq3ym5HEQm2NKCr3yXDwjc7vTsEThRDnkp2DK9p1uqLR+DHurm/NOTo0KG7HYHU7eppKZj3MyqYuMBf62g==, registry: https://registry.npm.taobao.org/, tarball: https://registry.npmmirror.com/@nodelib/fs.scandir/-/fs.scandir-2.1.5.tgz}
    name: '@nodelib/fs.scandir'
    version: 2.1.5
    engines: {node: '>= 8'}
    dependencies:
      '@nodelib/fs.stat': registry.npmmirror.com/@nodelib/fs.stat/2.0.5
      run-parallel: registry.npmmirror.com/run-parallel/1.2.0
    dev: true

  registry.npmmirror.com/@nodelib/fs.stat/2.0.5:
    resolution: {integrity: sha512-RkhPPp2zrqDAQA/2jNhnztcPAlv64XdhIp7a7454A5ovI7Bukxgt7MX7udwAu3zg1DcpPU0rz3VV1SeaqvY4+A==, registry: https://registry.npm.taobao.org/, tarball: https://registry.npmmirror.com/@nodelib/fs.stat/-/fs.stat-2.0.5.tgz}
    name: '@nodelib/fs.stat'
    version: 2.0.5
    engines: {node: '>= 8'}
    dev: true

  registry.npmmirror.com/@nodelib/fs.walk/1.2.8:
    resolution: {integrity: sha512-oGB+UxlgWcgQkgwo8GcEGwemoTFt3FIO9ababBmaGwXIoBKZ+GTy0pP185beGg7Llih/NSHSV2XAs1lnznocSg==, registry: https://registry.npm.taobao.org/, tarball: https://registry.npmmirror.com/@nodelib/fs.walk/-/fs.walk-1.2.8.tgz}
    name: '@nodelib/fs.walk'
    version: 1.2.8
    engines: {node: '>= 8'}
    dependencies:
      '@nodelib/fs.scandir': registry.npmmirror.com/@nodelib/fs.scandir/2.1.5
      fastq: registry.npmmirror.com/fastq/1.13.0
    dev: true

  registry.npmmirror.com/braces/3.0.2:
    resolution: {integrity: sha512-b8um+L1RzM3WDSzvhm6gIz1yfTbBt6YTlcEKAvsmqCZZFw46z626lVj9j1yEPW33H5H+lBQpZMP1k8l+78Ha0A==, registry: https://registry.npm.taobao.org/, tarball: https://registry.npmmirror.com/braces/-/braces-3.0.2.tgz}
    name: braces
    version: 3.0.2
    engines: {node: '>=8'}
    dependencies:
      fill-range: registry.npmmirror.com/fill-range/7.0.1
    dev: true

  registry.npmmirror.com/bumpp/8.2.1:
    resolution: {integrity: sha512-4tHKsWC2mqHQvdjZ4AXgVhS2xMsz8qQ4zYt87vGRXW5tqAjrYa/UJqy7s/dGYI2OIe9ghBdiFhKpyKEX9SXffg==, registry: https://registry.npm.taobao.org/, tarball: https://registry.npmmirror.com/bumpp/-/bumpp-8.2.1.tgz}
    name: bumpp
    version: 8.2.1
    engines: {node: '>=10'}
    hasBin: true
    dependencies:
      '@jsdevtools/ez-spawn': registry.npmmirror.com/@jsdevtools/ez-spawn/3.0.4
      cac: registry.npmmirror.com/cac/6.7.12
      fast-glob: registry.npmmirror.com/fast-glob/3.2.11
      kleur: registry.npmmirror.com/kleur/4.1.5
      prompts: registry.npmmirror.com/prompts/2.4.2
      semver: registry.npmmirror.com/semver/7.3.7
    dev: true

  registry.npmmirror.com/cac/6.7.12:
    resolution: {integrity: sha512-rM7E2ygtMkJqD9c7WnFU6fruFcN3xe4FM5yUmgxhZzIKJk4uHl9U/fhwdajGFQbQuv43FAUo1Fe8gX/oIKDeSA==, registry: https://registry.npm.taobao.org/, tarball: https://registry.npmmirror.com/cac/-/cac-6.7.12.tgz}
    name: cac
    version: 6.7.12
    engines: {node: '>=8'}
    dev: true

  registry.npmmirror.com/call-me-maybe/1.0.1:
    resolution: {integrity: sha512-wCyFsDQkKPwwF8BDwOiWNx/9K45L/hvggQiDbve+viMNMQnWhrlYIuBk09offfwCRtCO9P6XwUttufzU11WCVw==, registry: https://registry.npm.taobao.org/, tarball: https://registry.npmmirror.com/call-me-maybe/-/call-me-maybe-1.0.1.tgz}
    name: call-me-maybe
    version: 1.0.1
    dev: true

  registry.npmmirror.com/cross-spawn/7.0.3:
    resolution: {integrity: sha512-iRDPJKUPVEND7dHPO8rkbOnPpyDygcDFtWjpeWNCgy8WP2rXcxXL8TskReQl6OrB2G7+UJrags1q15Fudc7G6w==, registry: https://registry.npm.taobao.org/, tarball: https://registry.npmmirror.com/cross-spawn/-/cross-spawn-7.0.3.tgz}
    name: cross-spawn
    version: 7.0.3
    engines: {node: '>= 8'}
    dependencies:
      path-key: registry.npmmirror.com/path-key/3.1.1
      shebang-command: registry.npmmirror.com/shebang-command/2.0.0
      which: registry.npmmirror.com/which/2.0.2
    dev: true

  registry.npmmirror.com/fast-glob/3.2.11:
    resolution: {integrity: sha512-xrO3+1bxSo3ZVHAnqzyuewYT6aMFHRAd4Kcs92MAonjwQZLsK9d0SF1IyQ3k5PoirxTW0Oe/RqFgMQ6TcNE5Ew==, registry: https://registry.npm.taobao.org/, tarball: https://registry.npmmirror.com/fast-glob/-/fast-glob-3.2.11.tgz}
    name: fast-glob
    version: 3.2.11
    engines: {node: '>=8.6.0'}
    dependencies:
      '@nodelib/fs.stat': registry.npmmirror.com/@nodelib/fs.stat/2.0.5
      '@nodelib/fs.walk': registry.npmmirror.com/@nodelib/fs.walk/1.2.8
      glob-parent: registry.npmmirror.com/glob-parent/5.1.2
      merge2: registry.npmmirror.com/merge2/1.4.1
      micromatch: registry.npmmirror.com/micromatch/4.0.5
    dev: true

  registry.npmmirror.com/fastq/1.13.0:
    resolution: {integrity: sha512-YpkpUnK8od0o1hmeSc7UUs/eB/vIPWJYjKck2QKIzAf71Vm1AAQ3EbuZB3g2JIy+pg+ERD0vqI79KyZiB2e2Nw==, registry: https://registry.npm.taobao.org/, tarball: https://registry.npmmirror.com/fastq/-/fastq-1.13.0.tgz}
    name: fastq
    version: 1.13.0
    dependencies:
      reusify: registry.npmmirror.com/reusify/1.0.4
    dev: true

  registry.npmmirror.com/fill-range/7.0.1:
    resolution: {integrity: sha512-qOo9F+dMUmC2Lcb4BbVvnKJxTPjCm+RRpe4gDuGrzkL7mEVl/djYSu2OdQ2Pa302N4oqkSg9ir6jaLWJ2USVpQ==, registry: https://registry.npm.taobao.org/, tarball: https://registry.npmmirror.com/fill-range/-/fill-range-7.0.1.tgz}
    name: fill-range
    version: 7.0.1
    engines: {node: '>=8'}
    dependencies:
      to-regex-range: registry.npmmirror.com/to-regex-range/5.0.1
    dev: true

  registry.npmmirror.com/glob-parent/5.1.2:
    resolution: {integrity: sha512-AOIgSQCepiJYwP3ARnGx+5VnTu2HBYdzbGP45eLw1vr3zB3vZLeyed1sC9hnbcOc9/SrMyM5RPQrkGz4aS9Zow==, registry: https://registry.npm.taobao.org/, tarball: https://registry.npmmirror.com/glob-parent/-/glob-parent-5.1.2.tgz}
    name: glob-parent
    version: 5.1.2
    engines: {node: '>= 6'}
    dependencies:
      is-glob: registry.npmmirror.com/is-glob/4.0.3
    dev: true

  registry.npmmirror.com/is-extglob/2.1.1:
    resolution: {integrity: sha512-SbKbANkN603Vi4jEZv49LeVJMn4yGwsbzZworEoyEiutsN3nJYdbO36zfhGJ6QEDpOZIFkDtnq5JRxmvl3jsoQ==, registry: https://registry.npm.taobao.org/, tarball: https://registry.npmmirror.com/is-extglob/-/is-extglob-2.1.1.tgz}
    name: is-extglob
    version: 2.1.1
    engines: {node: '>=0.10.0'}
    dev: true

  registry.npmmirror.com/is-glob/4.0.3:
    resolution: {integrity: sha512-xelSayHH36ZgE7ZWhli7pW34hNbNl8Ojv5KVmkJD4hBdD3th8Tfk9vYasLM+mXWOZhFkgZfxhLSnrwRr4elSSg==, registry: https://registry.npm.taobao.org/, tarball: https://registry.npmmirror.com/is-glob/-/is-glob-4.0.3.tgz}
    name: is-glob
    version: 4.0.3
    engines: {node: '>=0.10.0'}
    dependencies:
      is-extglob: registry.npmmirror.com/is-extglob/2.1.1
    dev: true

  registry.npmmirror.com/is-number/7.0.0:
    resolution: {integrity: sha512-41Cifkg6e8TylSpdtTpeLVMqvSBEVzTttHvERD741+pnZ8ANv0004MRL43QKPDlK9cGvNp6NZWZUBlbGXYxxng==, registry: https://registry.npm.taobao.org/, tarball: https://registry.npmmirror.com/is-number/-/is-number-7.0.0.tgz}
    name: is-number
    version: 7.0.0
    engines: {node: '>=0.12.0'}
    dev: true

  registry.npmmirror.com/isexe/2.0.0:
    resolution: {integrity: sha512-RHxMLp9lnKHGHRng9QFhRCMbYAcVpn69smSGcq3f36xjgVVWThj4qqLbTLlq7Ssj8B+fIQ1EuCEGI2lKsyQeIw==, registry: https://registry.npm.taobao.org/, tarball: https://registry.npmmirror.com/isexe/-/isexe-2.0.0.tgz}
    name: isexe
    version: 2.0.0
    dev: true

  registry.npmmirror.com/kleur/3.0.3:
    resolution: {integrity: sha512-eTIzlVOSUR+JxdDFepEYcBMtZ9Qqdef+rnzWdRZuMbOywu5tO2w2N7rqjoANZ5k9vywhL6Br1VRjUIgTQx4E8w==, registry: https://registry.npm.taobao.org/, tarball: https://registry.npmmirror.com/kleur/-/kleur-3.0.3.tgz}
    name: kleur
    version: 3.0.3
    engines: {node: '>=6'}
    dev: true

  registry.npmmirror.com/kleur/4.1.5:
    resolution: {integrity: sha512-o+NO+8WrRiQEE4/7nwRJhN1HWpVmJm511pBHUxPLtp0BUISzlBplORYSmTclCnJvQq2tKu/sgl3xVpkc7ZWuQQ==, registry: https://registry.npm.taobao.org/, tarball: https://registry.npmmirror.com/kleur/-/kleur-4.1.5.tgz}
    name: kleur
    version: 4.1.5
    engines: {node: '>=6'}
    dev: true

  registry.npmmirror.com/lru-cache/6.0.0:
    resolution: {integrity: sha512-Jo6dJ04CmSjuznwJSS3pUeWmd/H0ffTlkXXgwZi+eq1UCmqQwCh+eLsYOYCwY991i2Fah4h1BEMCx4qThGbsiA==, registry: https://registry.npm.taobao.org/, tarball: https://registry.npmmirror.com/lru-cache/-/lru-cache-6.0.0.tgz}
    name: lru-cache
    version: 6.0.0
    engines: {node: '>=10'}
    dependencies:
      yallist: registry.npmmirror.com/yallist/4.0.0
    dev: true

  registry.npmmirror.com/merge2/1.4.1:
    resolution: {integrity: sha512-8q7VEgMJW4J8tcfVPy8g09NcQwZdbwFEqhe/WZkoIzjn/3TGDwtOCYtXGxA3O8tPzpczCCDgv+P2P5y00ZJOOg==, registry: https://registry.npm.taobao.org/, tarball: https://registry.npmmirror.com/merge2/-/merge2-1.4.1.tgz}
    name: merge2
    version: 1.4.1
    engines: {node: '>= 8'}
    dev: true

  registry.npmmirror.com/micromatch/4.0.5:
    resolution: {integrity: sha512-DMy+ERcEW2q8Z2Po+WNXuw3c5YaUSFjAO5GsJqfEl7UjvtIuFKO6ZrKvcItdy98dwFI2N1tg3zNIdKaQT+aNdA==, registry: https://registry.npm.taobao.org/, tarball: https://registry.npmmirror.com/micromatch/-/micromatch-4.0.5.tgz}
    name: micromatch
    version: 4.0.5
    engines: {node: '>=8.6'}
    dependencies:
      braces: registry.npmmirror.com/braces/3.0.2
      picomatch: registry.npmmirror.com/picomatch/2.3.1
    dev: true

  registry.npmmirror.com/path-key/3.1.1:
    resolution: {integrity: sha512-ojmeN0qd+y0jszEtoY48r0Peq5dwMEkIlCOu6Q5f41lfkswXuKtYrhgoTpLnyIcHm24Uhqx+5Tqm2InSwLhE6Q==, registry: https://registry.npm.taobao.org/, tarball: https://registry.npmmirror.com/path-key/-/path-key-3.1.1.tgz}
    name: path-key
    version: 3.1.1
    engines: {node: '>=8'}
    dev: true

  registry.npmmirror.com/picomatch/2.3.1:
    resolution: {integrity: sha512-JU3teHTNjmE2VCGFzuY8EXzCDVwEqB2a8fsIvwaStHhAWJEeVd1o1QD80CU6+ZdEXXSLbSsuLwJjkCBWqRQUVA==, registry: https://registry.npm.taobao.org/, tarball: https://registry.npmmirror.com/picomatch/-/picomatch-2.3.1.tgz}
    name: picomatch
    version: 2.3.1
    engines: {node: '>=8.6'}
    dev: true

  registry.npmmirror.com/prompts/2.4.2:
    resolution: {integrity: sha512-NxNv/kLguCA7p3jE8oL2aEBsrJWgAakBpgmgK6lpPWV+WuOmY6r2/zbAVnP+T8bQlA0nzHXSJSJW0Hq7ylaD2Q==, registry: https://registry.npm.taobao.org/, tarball: https://registry.npmmirror.com/prompts/-/prompts-2.4.2.tgz}
    name: prompts
    version: 2.4.2
    engines: {node: '>= 6'}
    dependencies:
      kleur: registry.npmmirror.com/kleur/3.0.3
      sisteransi: registry.npmmirror.com/sisteransi/1.0.5
    dev: true

  registry.npmmirror.com/queue-microtask/1.2.3:
    resolution: {integrity: sha512-NuaNSa6flKT5JaSYQzJok04JzTL1CA6aGhv5rfLW3PgqA+M2ChpZQnAC8h8i4ZFkBS8X5RqkDBHA7r4hej3K9A==, registry: https://registry.npm.taobao.org/, tarball: https://registry.npmmirror.com/queue-microtask/-/queue-microtask-1.2.3.tgz}
    name: queue-microtask
    version: 1.2.3
    dev: true

  registry.npmmirror.com/reusify/1.0.4:
    resolution: {integrity: sha512-U9nH88a3fc/ekCF1l0/UP1IosiuIjyTh7hBvXVMHYgVcfGvt897Xguj2UOLDeI5BG2m7/uwyaLVT6fbtCwTyzw==, registry: https://registry.npm.taobao.org/, tarball: https://registry.npmmirror.com/reusify/-/reusify-1.0.4.tgz}
    name: reusify
    version: 1.0.4
    engines: {iojs: '>=1.0.0', node: '>=0.10.0'}
    dev: true

  registry.npmmirror.com/run-parallel/1.2.0:
    resolution: {integrity: sha512-5l4VyZR86LZ/lDxZTR6jqL8AFE2S0IFLMP26AbjsLVADxHdhB/c0GUsH+y39UfCi3dzz8OlQuPmnaJOMoDHQBA==, registry: https://registry.npm.taobao.org/, tarball: https://registry.npmmirror.com/run-parallel/-/run-parallel-1.2.0.tgz}
    name: run-parallel
    version: 1.2.0
    dependencies:
      queue-microtask: registry.npmmirror.com/queue-microtask/1.2.3
    dev: true

  registry.npmmirror.com/semver/7.3.7:
    resolution: {integrity: sha512-QlYTucUYOews+WeEujDoEGziz4K6c47V/Bd+LjSSYcA94p+DmINdf7ncaUinThfvZyu13lN9OY1XDxt8C0Tw0g==, registry: https://registry.npm.taobao.org/, tarball: https://registry.npmmirror.com/semver/-/semver-7.3.7.tgz}
    name: semver
    version: 7.3.7
    engines: {node: '>=10'}
    hasBin: true
    dependencies:
      lru-cache: registry.npmmirror.com/lru-cache/6.0.0
    dev: true

  registry.npmmirror.com/shebang-command/2.0.0:
    resolution: {integrity: sha512-kHxr2zZpYtdmrN1qDjrrX/Z1rR1kG8Dx+gkpK1G4eXmvXswmcE1hTWBWYUzlraYw1/yZp6YuDY77YtvbN0dmDA==, registry: https://registry.npm.taobao.org/, tarball: https://registry.npmmirror.com/shebang-command/-/shebang-command-2.0.0.tgz}
    name: shebang-command
    version: 2.0.0
    engines: {node: '>=8'}
    dependencies:
      shebang-regex: registry.npmmirror.com/shebang-regex/3.0.0
    dev: true

  registry.npmmirror.com/shebang-regex/3.0.0:
    resolution: {integrity: sha512-7++dFhtcx3353uBaq8DDR4NuxBetBzC7ZQOhmTQInHEd6bSrXdiEyzCvG07Z44UYdLShWUyXt5M/yhz8ekcb1A==, registry: https://registry.npm.taobao.org/, tarball: https://registry.npmmirror.com/shebang-regex/-/shebang-regex-3.0.0.tgz}
    name: shebang-regex
    version: 3.0.0
    engines: {node: '>=8'}
    dev: true

  registry.npmmirror.com/sisteransi/1.0.5:
    resolution: {integrity: sha512-bLGGlR1QxBcynn2d5YmDX4MGjlZvy2MRBDRNHLJ8VI6l6+9FUiyTFNJ0IveOSP0bcXgVDPRcfGqA0pjaqUpfVg==, registry: https://registry.npm.taobao.org/, tarball: https://registry.npmmirror.com/sisteransi/-/sisteransi-1.0.5.tgz}
    name: sisteransi
    version: 1.0.5
    dev: true

  registry.npmmirror.com/string-argv/0.3.1:
    resolution: {integrity: sha512-a1uQGz7IyVy9YwhqjZIZu1c8JO8dNIe20xBmSS6qu9kv++k3JGzCVmprbNN5Kn+BgzD5E7YYwg1CcjuJMRNsvg==, registry: https://registry.npm.taobao.org/, tarball: https://registry.npmmirror.com/string-argv/-/string-argv-0.3.1.tgz}
    name: string-argv
    version: 0.3.1
    engines: {node: '>=0.6.19'}
    dev: true

  registry.npmmirror.com/to-regex-range/5.0.1:
    resolution: {integrity: sha512-65P7iz6X5yEr1cwcgvQxbbIw7Uk3gOy5dIdtZ4rDveLqhrdJP+Li/Hx6tyK0NEb+2GCyneCMJiGqrADCSNk8sQ==, registry: https://registry.npm.taobao.org/, tarball: https://registry.npmmirror.com/to-regex-range/-/to-regex-range-5.0.1.tgz}
    name: to-regex-range
    version: 5.0.1
    engines: {node: '>=8.0'}
    dependencies:
      is-number: registry.npmmirror.com/is-number/7.0.0
    dev: true

  registry.npmmirror.com/type-detect/4.0.8:
    resolution: {integrity: sha512-0fr/mIH1dlO+x7TlcMy+bIDqKPsw/70tVyeHW787goQjhmqaZe10uwLujubK9q9Lg6Fiho1KUKDYz0Z7k7g5/g==, registry: https://registry.npm.taobao.org/, tarball: https://registry.npmmirror.com/type-detect/-/type-detect-4.0.8.tgz}
    name: type-detect
    version: 4.0.8
    engines: {node: '>=4'}
    dev: true

  registry.npmmirror.com/which/2.0.2:
    resolution: {integrity: sha512-BLI3Tl1TW3Pvl70l3yq3Y64i+awpwXqsGBYWkkqMtnbXgrMD+yj7rhW0kuEDxzJaYXGjEW5ogapKNMEKNMjibA==, registry: https://registry.npm.taobao.org/, tarball: https://registry.npmmirror.com/which/-/which-2.0.2.tgz}
    name: which
    version: 2.0.2
    engines: {node: '>= 8'}
    hasBin: true
    dependencies:
      isexe: registry.npmmirror.com/isexe/2.0.0
    dev: true

  registry.npmmirror.com/yallist/4.0.0:
    resolution: {integrity: sha512-3wdGidZyq5PB084XLES5TpOSRA3wjXAlIWMhum2kRcv/41Sn2emQ0dycQW4uZXLejwKvg6EsvbdlVL+FYEct7A==, registry: https://registry.npm.taobao.org/, tarball: https://registry.npmmirror.com/yallist/-/yallist-4.0.0.tgz}
    name: yallist
    version: 4.0.0
    dev: true
